
Microsoft Visual Studio Solution File, Format Version 12.00
# Visual Studio Version 16
VisualStudioVersion = 16.0.29009.5
MinimumVisualStudioVersion = 10.0.40219.1
Project("{FAE04EC0-301F-11D3-BF4B-00C04F79EFBC}") = "MergeSort", "MergeSort\MergeSort.csproj", "{A62A568D-3165-4843-8C33-D15B0A12E3FF}"
EndProject
Global
	GlobalSection(SolutionConfigurationPlatforms) = preSolution
		Debug|Any CPU = Debug|Any CPU
		Release|Any CPU = Release|Any CPU
	EndGlobalSection
	GlobalSection(ProjectConfigurationPlatforms) = postSolution
		{A62A568D-3165-4843-8C33-D15B0A12E3FF}.Debug|Any CPU.ActiveCfg = Debug|Any CPU
		{A62A568D-3165-4843-8C33-D15B0A12E3FF}.Debug|Any CPU.Build.0 = Debug|Any CPU
		{A62A568D-3165-4843-8C33-D15B0A12E3FF}.Release|Any CPU.ActiveCfg = Release|Any CPU
		{A62A568D-3165-4843-8C33-D15B0A12E3FF}.Release|Any CPU.Build.0 = Release|Any CPU
	EndGlobalSection
	GlobalSection(SolutionProperties) = preSolution
		HideSolutionNode = FALSE
	EndGlobalSection
	GlobalSection(ExtensibilityGlobals) = postSolution
		SolutionGuid = {EF4E5B61-5541-4810-A590-FDC632BF919F}
	EndGlobalSection
EndGlobal
